// !$*UTF8*$!
{
	archiveVersion = 1;
	classes = {
	};
	objectVersion = 51;
	objects = {

/* Begin PBXBuildFile section */
		1253C04B268433B4003DC467 /* AppDelegate.swift in Sources */ = {isa = PBXBuildFile; fileRef = 1253C04A268433B4003DC467 /* AppDelegate.swift */; };
		1253C04D268433B4003DC467 /* SceneDelegate.swift in Sources */ = {isa = PBXBuildFile; fileRef = 1253C04C268433B4003DC467 /* SceneDelegate.swift */; };
		1253C04F268433B4003DC467 /* ViewController.swift in Sources */ = {isa = PBXBuildFile; fileRef = 1253C04E268433B4003DC467 /* ViewController.swift */; };
		1253C052268433B4003DC467 /* Main.storyboard in Resources */ = {isa = PBXBuildFile; fileRef = 1253C050268433B4003DC467 /* Main.storyboard */; };
		1253C054268433B5003DC467 /* Assets.xcassets in Resources */ = {isa = PBXBuildFile; fileRef = 1253C053268433B5003DC467 /* Assets.xcassets */; };
		1253C057268433B5003DC467 /* LaunchScreen.storyboard in Resources */ = {isa = PBXBuildFile; fileRef = 1253C055268433B5003DC467 /* LaunchScreen.storyboard */; };
		1253C0632684378E003DC467 /* MenuCell.swift in Sources */ = {isa = PBXBuildFile; fileRef = 1253C0622684378E003DC467 /* MenuCell.swift */; };
		1253C066268437C9003DC467 /* MenuCell.xib in Resources */ = {isa = PBXBuildFile; fileRef = 1253C065268437C9003DC467 /* MenuCell.xib */; };
		1253C069268439FF003DC467 /* FocusView.xib in Resources */ = {isa = PBXBuildFile; fileRef = 1253C068268439FF003DC467 /* FocusView.xib */; };
		1253C06C268442EB003DC467 /* FirstVC.swift in Sources */ = {isa = PBXBuildFile; fileRef = 1253C06B268442EB003DC467 /* FirstVC.swift */; };
		1253C06F268442F1003DC467 /* SecondVC.swift in Sources */ = {isa = PBXBuildFile; fileRef = 1253C06E268442F1003DC467 /* SecondVC.swift */; };
		1253C072268442F8003DC467 /* ThirdVC.swift in Sources */ = {isa = PBXBuildFile; fileRef = 1253C071268442F8003DC467 /* ThirdVC.swift */; };
		7A0ADD884A0169AEBC69644D /* Pods_0624_PagingKit_Titorial.framework in Frameworks */ = {isa = PBXBuildFile; fileRef = 8E6A29928DDD6AB821F7309D /* Pods_0624_PagingKit_Titorial.framework */; };
/* End PBXBuildFile section */

/* Begin PBXFileReference section */
		1253C047268433B4003DC467 /* 0624_PagingKit_Titorial.app */ = {isa = PBXFileReference; explicitFileType = wrapper.application; includeInIndex = 0; path = 0624_PagingKit_Titorial.app; sourceTree = BUILT_PRODUCTS_DIR; };
		1253C04A268433B4003DC467 /* AppDelegate.swift */ = {isa = PBXFileReference; lastKnownFileType = sourcecode.swift; path = AppDelegate.swift; sourceTree = "<group>"; };
		1253C04C268433B4003DC467 /* SceneDelegate.swift */ = {isa = PBXFileReference; lastKnownFileType = sourcecode.swift; path = SceneDelegate.swift; sourceTree = "<group>"; };
		1253C04E268433B4003DC467 /* ViewController.swift */ = {isa = PBXFileReference; lastKnownFileType = sourcecode.swift; path = ViewController.swift; sourceTree = "<group>"; };
		1253C051268433B4003DC467 /* Base */ = {isa = PBXFileReference; lastKnownFileType = file.storyboard; name = Base; path = Base.lproj/Main.storyboard; sourceTree = "<group>"; };
		1253C053268433B5003DC467 /* Assets.xcassets */ = {isa = PBXFileReference; lastKnownFileType = folder.assetcatalog; path = Assets.xcassets; sourceTree = "<group>"; };
		1253C056268433B5003DC467 /* Base */ = {isa = PBXFileReference; lastKnownFileType = file.storyboard; name = Base; path = Base.lproj/LaunchScreen.storyboard; sourceTree = "<group>"; };
		1253C058268433B5003DC467 /* Info.plist */ = {isa = PBXFileReference; lastKnownFileType = text.plist.xml; path = Info.plist; sourceTree = "<group>"; };
		1253C0622684378E003DC467 /* MenuCell.swift */ = {isa = PBXFileReference; lastKnownFileType = sourcecode.swift; path = MenuCell.swift; sourceTree = "<group>"; };
		1253C065268437C9003DC467 /* MenuCell.xib */ = {isa = PBXFileReference; lastKnownFileType = file.xib; path = MenuCell.xib; sourceTree = "<group>"; };
		1253C068268439FF003DC467 /* FocusView.xib */ = {isa = PBXFileReference; lastKnownFileType = file.xib; path = FocusView.xib; sourceTree = "<group>"; };
		1253C06B268442EB003DC467 /* FirstVC.swift */ = {isa = PBXFileReference; lastKnownFileType = sourcecode.swift; path = FirstVC.swift; sourceTree = "<group>"; };
		1253C06E268442F1003DC467 /* SecondVC.swift */ = {isa = PBXFileReference; lastKnownFileType = sourcecode.swift; path = SecondVC.swift; sourceTree = "<group>"; };
		1253C071268442F8003DC467 /* ThirdVC.swift */ = {isa = PBXFileReference; lastKnownFileType = sourcecode.swift; path = ThirdVC.swift; sourceTree = "<group>"; };
		32BDA5DF104561E463BE8FF6 /* Pods-0624_PagingKit_Titorial.debug.xcconfig */ = {isa = PBXFileReference; includeInIndex = 1; lastKnownFileType = text.xcconfig; name = "Pods-0624_PagingKit_Titorial.debug.xcconfig"; path = "Target Support Files/Pods-0624_PagingKit_Titorial/Pods-0624_PagingKit_Titorial.debug.xcconfig"; sourceTree = "<group>"; };
		8E6A29928DDD6AB821F7309D /* Pods_0624_PagingKit_Titorial.framework */ = {isa = PBXFileReference; explicitFileType = wrapper.framework; includeInIndex = 0; path = Pods_0624_PagingKit_Titorial.framework; sourceTree = BUILT_PRODUCTS_DIR; };
		EF650017236DDC9D227CA3FF /* Pods-0624_PagingKit_Titorial.release.xcconfig */ = {isa = PBXFileReference; includeInIndex = 1; lastKnownFileType = text.xcconfig; name = "Pods-0624_PagingKit_Titorial.release.xcconfig"; path = "Target Support Files/Pods-0624_PagingKit_Titorial/Pods-0624_PagingKit_Titorial.release.xcconfig"; sourceTree = "<group>"; };
/* End PBXFileReference section */

/* Begin PBXFrameworksBuildPhase section */
		1253C044268433B4003DC467 /* Frameworks */ = {
			isa = PBXFrameworksBuildPhase;
			buildActionMask = 2147483647;
			files = (
				7A0ADD884A0169AEBC69644D /* Pods_0624_PagingKit_Titorial.framework in Frameworks */,
			);
			runOnlyForDeploymentPostprocessing = 0;
		};
/* End PBXFrameworksBuildPhase section */

/* Begin PBXGroup section */
		1253C03E268433B4003DC467 = {
			isa = PBXGroup;
			children = (
				1253C049268433B4003DC467 /* 0624_PagingKit_Titorial */,
				1253C048268433B4003DC467 /* Products */,
				B27099462D40E364AE33D99D /* Pods */,
				5ECDAF2F0569AA38F4110EF6 /* Frameworks */,
			);
			sourceTree = "<group>";
		};
		1253C048268433B4003DC467 /* Products */ = {
			isa = PBXGroup;
			children = (
				1253C047268433B4003DC467 /* 0624_PagingKit_Titorial.app */,
			);
			name = Products;
			sourceTree = "<group>";
		};
		1253C049268433B4003DC467 /* 0624_PagingKit_Titorial */ = {
			isa = PBXGroup;
			children = (
				1253C04A268433B4003DC467 /* AppDelegate.swift */,
				1253C04C268433B4003DC467 /* SceneDelegate.swift */,
				1253C04E268433B4003DC467 /* ViewController.swift */,
				1253C068268439FF003DC467 /* FocusView.xib */,
				1253C050268433B4003DC467 /* Main.storyboard */,
				1253C06B268442EB003DC467 /* FirstVC.swift */,
				1253C06E268442F1003DC467 /* SecondVC.swift */,
				1253C071268442F8003DC467 /* ThirdVC.swift */,
				1253C0622684378E003DC467 /* MenuCell.swift */,
				1253C065268437C9003DC467 /* MenuCell.xib */,
				1253C053268433B5003DC467 /* Assets.xcassets */,
				1253C055268433B5003DC467 /* LaunchScreen.storyboard */,
				1253C058268433B5003DC467 /* Info.plist */,
			);
			path = 0624_PagingKit_Titorial;
			sourceTree = "<group>";
		};
		5ECDAF2F0569AA38F4110EF6 /* Frameworks */ = {
			isa = PBXGroup;
			children = (
				8E6A29928DDD6AB821F7309D /* Pods_0624_PagingKit_Titorial.framework */,
			);
			name = Frameworks;
			sourceTree = "<group>";
		};
		B27099462D40E364AE33D99D /* Pods */ = {
			isa = PBXGroup;
			children = (
				32BDA5DF104561E463BE8FF6 /* Pods-0624_PagingKit_Titorial.debug.xcconfig */,
				EF650017236DDC9D227CA3FF /* Pods-0624_PagingKit_Titorial.release.xcconfig */,
			);
			path = Pods;
			sourceTree = "<group>";
		};
/* End PBXGroup section */

/* Begin PBXNativeTarget section */
		1253C046268433B4003DC467 /* 0624_PagingKit_Titorial */ = {
			isa = PBXNativeTarget;
			buildConfigurationList = 1253C05B268433B5003DC467 /* Build configuration list for PBXNativeTarget "0624_PagingKit_Titorial" */;
			buildPhases = (
				0E310E37499E9D78329F06FC /* [CP] Check Pods Manifest.lock */,
				1253C043268433B4003DC467 /* Sources */,
				1253C044268433B4003DC467 /* Frameworks */,
				1253C045268433B4003DC467 /* Resources */,
				C62AA2D55206DF6C898B5844 /* [CP] Embed Pods Frameworks */,
			);
			buildRules = (
			);
			dependencies = (
			);
			name = 0624_PagingKit_Titorial;
			productName = 0624_PagingKit_Titorial;
			productReference = 1253C047268433B4003DC467 /* 0624_PagingKit_Titorial.app */;
			productType = "com.apple.product-type.application";
		};
/* End PBXNativeTarget section */

/* Begin PBXProject section */
		1253C03F268433B4003DC467 /* Project object */ = {
			isa = PBXProject;
			attributes = {
				LastSwiftUpdateCheck = 1240;
				LastUpgradeCheck = 1240;
				TargetAttributes = {
					1253C046268433B4003DC467 = {
						CreatedOnToolsVersion = 12.4;
					};
				};
			};
			buildConfigurationList = 1253C042268433B4003DC467 /* Build configuration list for PBXProject "0624_PagingKit_Titorial" */;
			compatibilityVersion = "Xcode 9.3";
			developmentRegion = en;
			hasScannedForEncodings = 0;
			knownRegions = (
				en,
				Base,
			);
			mainGroup = 1253C03E268433B4003DC467;
			productRefGroup = 1253C048268433B4003DC467 /* Products */;
			projectDirPath = "";
			projectRoot = "";
			targets = (
				1253C046268433B4003DC467 /* 0624_PagingKit_Titorial */,
			);
		};
/* End PBXProject section */

/* Begin PBXResourcesBuildPhase section */
		1253C045268433B4003DC467 /* Resources */ = {
			isa = PBXResourcesBuildPhase;
			buildActionMask = 2147483647;
			files = (
				1253C057268433B5003DC467 /* LaunchScreen.storyboard in Resources */,
				1253C054268433B5003DC467 /* Assets.xcassets in Resources */,
				1253C066268437C9003DC467 /* MenuCell.xib in Resources */,
				1253C069268439FF003DC467 /* FocusView.xib in Resources */,
				1253C052268433B4003DC467 /* Main.storyboard in Resources */,
			);
			runOnlyForDeploymentPostprocessing = 0;
		};
/* End PBXResourcesBuildPhase section */

/* Begin PBXShellScriptBuildPhase section */
		0E310E37499E9D78329F06FC /* [CP] Check Pods Manifest.lock */ = {
			isa = PBXShellScriptBuildPhase;
			buildActionMask = 2147483647;
			files = (
			);
			inputFileListPaths = (
			);
			inputPaths = (
				"${PODS_PODFILE_DIR_PATH}/Podfile.lock",
				"${PODS_ROOT}/Manifest.lock",
			);
			name = "[CP] Check Pods Manifest.lock";
			outputFileListPaths = (
			);
			outputPaths = (
				"$(DERIVED_FILE_DIR)/Pods-0624_PagingKit_Titorial-checkManifestLockResult.txt",
			);
			runOnlyForDeploymentPostprocessing = 0;
			shellPath = /bin/sh;
			shellScript = "diff \"${PODS_PODFILE_DIR_PATH}/Podfile.lock\" \"${PODS_ROOT}/Manifest.lock\" > /dev/null\nif [ $? != 0 ] ; then\n    # print error to STDERR\n    echo \"error: The sandbox is not in sync with the Podfile.lock. Run 'pod install' or update your CocoaPods installation.\" >&2\n    exit 1\nfi\n# This output is used by Xcode 'outputs' to avoid re-running this script phase.\necho \"SUCCESS\" > \"${SCRIPT_OUTPUT_FILE_0}\"\n";
			showEnvVarsInLog = 0;
		};
		C62AA2D55206DF6C898B5844 /* [CP] Embed Pods Frameworks */ = {
			isa = PBXShellScriptBuildPhase;
			buildActionMask = 2147483647;
			files = (
			);
			inputFileListPaths = (
				"${PODS_ROOT}/Target Support Files/Pods-0624_PagingKit_Titorial/Pods-0624_PagingKit_Titorial-frameworks-${CONFIGURATION}-input-files.xcfilelist",
			);
			name = "[CP] Embed Pods Frameworks";
			outputFileListPaths = (
				"${PODS_ROOT}/Target Support Files/Pods-0624_PagingKit_Titorial/Pods-0624_PagingKit_Titorial-frameworks-${CONFIGURATION}-output-files.xcfilelist",
			);
			runOnlyForDeploymentPostprocessing = 0;
			shellPath = /bin/sh;
			shellScript = "\"${PODS_ROOT}/Target Support Files/Pods-0624_PagingKit_Titorial/Pods-0624_PagingKit_Titorial-frameworks.sh\"\n";
			showEnvVarsInLog = 0;
		};
/* End PBXShellScriptBuildPhase section */

/* Begin PBXSourcesBuildPhase section */
		1253C043268433B4003DC467 /* Sources */ = {
			isa = PBXSourcesBuildPhase;
			buildActionMask = 2147483647;
			files = (
				1253C04F268433B4003DC467 /* ViewController.swift in Sources */,
				1253C04B268433B4003DC467 /* AppDelegate.swift in Sources */,
				1253C0632684378E003DC467 /* MenuCell.swift in Sources */,
				1253C072268442F8003DC467 /* ThirdVC.swift in Sources */,
				1253C06C268442EB003DC467 /* FirstVC.swift in Sources */,
				1253C06F268442F1003DC467 /* SecondVC.swift in Sources */,
				1253C04D268433B4003DC467 /* SceneDelegate.swift in Sources */,
			);
			runOnlyForDeploymentPostprocessing = 0;
		};
/* End PBXSourcesBuildPhase section */

/* Begin PBXVariantGroup section */
		1253C050268433B4003DC467 /* Main.storyboard */ = {
			isa = PBXVariantGroup;
			children = (
				1253C051268433B4003DC467 /* Base */,
			);
			name = Main.storyboard;
			sourceTree = "<group>";
		};
		1253C055268433B5003DC467 /* LaunchScreen.storyboard */ = {
			isa = PBXVariantGroup;
			children = (
				1253C056268433B5003DC467 /* Base */,
			);
			name = LaunchScreen.storyboard;
			sourceTree = "<group>";
		};
/* End PBXVariantGroup section */

/* Begin XCBuildConfiguration section */
		1253C059268433B5003DC467 /* Debug */ = {
			isa = XCBuildConfiguration;
			buildSettings = {
				ALWAYS_SEARCH_USER_PATHS = NO;
				CLANG_ANALYZER_NONNULL = YES;
				CLANG_ANALYZER_NUMBER_OBJECT_CONVERSION = YES_AGGRESSIVE;
				CLANG_CXX_LANGUAGE_STANDARD = "gnu++14";
				CLANG_CXX_LIBRARY = "libc++";
				CLANG_ENABLE_MODULES = YES;
				CLANG_ENABLE_OBJC_ARC = YES;
				CLANG_ENABLE_OBJC_WEAK = YES;
				CLANG_WARN_BLOCK_CAPTURE_AUTORELEASING = YES;
				CLANG_WARN_BOOL_CONVERSION = YES;
				CLANG_WARN_COMMA = YES;
				CLANG_WARN_CONSTANT_CONVERSION = YES;
				CLANG_WARN_DEPRECATED_OBJC_IMPLEMENTATIONS = YES;
				CLANG_WARN_DIRECT_OBJC_ISA_USAGE = YES_ERROR;
				CLANG_WARN_DOCUMENTATION_COMMENTS = YES;
				CLANG_WARN_EMPTY_BODY = YES;
				CLANG_WARN_ENUM_CONVERSION = YES;
				CLANG_WARN_INFINITE_RECURSION = YES;
				CLANG_WARN_INT_CONVERSION = YES;
				CLANG_WARN_NON_LITERAL_NULL_CONVERSION = YES;
				CLANG_WARN_OBJC_IMPLICIT_RETAIN_SELF = YES;
				CLANG_WARN_OBJC_LITERAL_CONVERSION = YES;
				CLANG_WARN_OBJC_ROOT_CLASS = YES_ERROR;
				CLANG_WARN_QUOTED_INCLUDE_IN_FRAMEWORK_HEADER = YES;
				CLANG_WARN_RANGE_LOOP_ANALYSIS = YES;
				CLANG_WARN_STRICT_PROTOTYPES = YES;
				CLANG_WARN_SUSPICIOUS_MOVE = YES;
				CLANG_WARN_UNGUARDED_AVAILABILITY = YES_AGGRESSIVE;
				CLANG_WARN_UNREACHABLE_CODE = YES;
				CLANG_WARN__DUPLICATE_METHOD_MATCH = YES;
				COPY_PHASE_STRIP = NO;
				DEBUG_INFORMATION_FORMAT = dwarf;
				ENABLE_STRICT_OBJC_MSGSEND = YES;
				ENABLE_TESTABILITY = YES;
				GCC_C_LANGUAGE_STANDARD = gnu11;
				GCC_DYNAMIC_NO_PIC = NO;
				GCC_NO_COMMON_BLOCKS = YES;
				GCC_OPTIMIZATION_LEVEL = 0;
				GCC_PREPROCESSOR_DEFINITIONS = (
					"DEBUG=1",
					"$(inherited)",
				);
				GCC_WARN_64_TO_32_BIT_CONVERSION = YES;
				GCC_WARN_ABOUT_RETURN_TYPE = YES_ERROR;
				GCC_WARN_UNDECLARED_SELECTOR = YES;
				GCC_WARN_UNINITIALIZED_AUTOS = YES_AGGRESSIVE;
				GCC_WARN_UNUSED_FUNCTION = YES;
				GCC_WARN_UNUSED_VARIABLE = YES;
				IPHONEOS_DEPLOYMENT_TARGET = 14.4;
				MTL_ENABLE_DEBUG_INFO = INCLUDE_SOURCE;
				MTL_FAST_MATH = YES;
				ONLY_ACTIVE_ARCH = YES;
				SDKROOT = iphoneos;
				SWIFT_ACTIVE_COMPILATION_CONDITIONS = DEBUG;
				SWIFT_OPTIMIZATION_LEVEL = "-Onone";
			};
			name = Debug;
		};
		1253C05A268433B5003DC467 /* Release */ = {
			isa = XCBuildConfiguration;
			buildSettings = {
				ALWAYS_SEARCH_USER_PATHS = NO;
				CLANG_ANALYZER_NONNULL = YES;
				CLANG_ANALYZER_NUMBER_OBJECT_CONVERSION = YES_AGGRESSIVE;
				CLANG_CXX_LANGUAGE_STANDARD = "gnu++14";
				CLANG_CXX_LIBRARY = "libc++";
				CLANG_ENABLE_MODULES = YES;
				CLANG_ENABLE_OBJC_ARC = YES;
				CLANG_ENABLE_OBJC_WEAK = YES;
				CLANG_WARN_BLOCK_CAPTURE_AUTORELEASING = YES;
				CLANG_WARN_BOOL_CONVERSION = YES;
				CLANG_WARN_COMMA = YES;
				CLANG_WARN_CONSTANT_CONVERSION = YES;
				CLANG_WARN_DEPRECATED_OBJC_IMPLEMENTATIONS = YES;
				CLANG_WARN_DIRECT_OBJC_ISA_USAGE = YES_ERROR;
				CLANG_WARN_DOCUMENTATION_COMMENTS = YES;
				CLANG_WARN_EMPTY_BODY = YES;
				CLANG_WARN_ENUM_CONVERSION = YES;
				CLANG_WARN_INFINITE_RECURSION = YES;
				CLANG_WARN_INT_CONVERSION = YES;
				CLANG_WARN_NON_LITERAL_NULL_CONVERSION = YES;
				CLANG_WARN_OBJC_IMPLICIT_RETAIN_SELF = YES;
				CLANG_WARN_OBJC_LITERAL_CONVERSION = YES;
				CLANG_WARN_OBJC_ROOT_CLASS = YES_ERROR;
				CLANG_WARN_QUOTED_INCLUDE_IN_FRAMEWORK_HEADER = YES;
				CLANG_WARN_RANGE_LOOP_ANALYSIS = YES;
				CLANG_WARN_STRICT_PROTOTYPES = YES;
				CLANG_WARN_SUSPICIOUS_MOVE = YES;
				CLANG_WARN_UNGUARDED_AVAILABILITY = YES_AGGRESSIVE;
				CLANG_WARN_UNREACHABLE_CODE = YES;
				CLANG_WARN__DUPLICATE_METHOD_MATCH = YES;
				COPY_PHASE_STRIP = NO;
				DEBUG_INFORMATION_FORMAT = "dwarf-with-dsym";
				ENABLE_NS_ASSERTIONS = NO;
				ENABLE_STRICT_OBJC_MSGSEND = YES;
				GCC_C_LANGUAGE_STANDARD = gnu11;
				GCC_NO_COMMON_BLOCKS = YES;
				GCC_WARN_64_TO_32_BIT_CONVERSION = YES;
				GCC_WARN_ABOUT_RETURN_TYPE = YES_ERROR;
				GCC_WARN_UNDECLARED_SELECTOR = YES;
				GCC_WARN_UNINITIALIZED_AUTOS = YES_AGGRESSIVE;
				GCC_WARN_UNUSED_FUNCTION = YES;
				GCC_WARN_UNUSED_VARIABLE = YES;
				IPHONEOS_DEPLOYMENT_TARGET = 14.4;
				MTL_ENABLE_DEBUG_INFO = NO;
				MTL_FAST_MATH = YES;
				SDKROOT = iphoneos;
				SWIFT_COMPILATION_MODE = wholemodule;
				SWIFT_OPTIMIZATION_LEVEL = "-O";
				VALIDATE_PRODUCT = YES;
			};
			name = Release;
		};
		1253C05C268433B5003DC467 /* Debug */ = {
			isa = XCBuildConfiguration;
			baseConfigurationReference = 32BDA5DF104561E463BE8FF6 /* Pods-0624_PagingKit_Titorial.debug.xcconfig */;
			buildSettings = {
				ASSETCATALOG_COMPILER_APPICON_NAME = AppIcon;
				ASSETCATALOG_COMPILER_GLOBAL_ACCENT_COLOR_NAME = AccentColor;
				CODE_SIGN_STYLE = Automatic;
				INFOPLIST_FILE = 0624_PagingKit_Titorial/Info.plist;
				LD_RUNPATH_SEARCH_PATHS = (
					"$(inherited)",
					"@executable_path/Frameworks",
				);
				PRODUCT_BUNDLE_IDENTIFIER = "son.-624-PagingKit-Titorial";
				PRODUCT_NAME = "$(TARGET_NAME)";
				SWIFT_VERSION = 5.0;
				TARGETED_DEVICE_FAMILY = "1,2";
			};
			name = Debug;
		};
		1253C05D268433B5003DC467 /* Release */ = {
			isa = XCBuildConfiguration;
			baseConfigurationReference = EF650017236DDC9D227CA3FF /* Pods-0624_PagingKit_Titorial.release.xcconfig */;
			buildSettings = {
				ASSETCATALOG_COMPILER_APPICON_NAME = AppIcon;
				ASSETCATALOG_COMPILER_GLOBAL_ACCENT_COLOR_NAME = AccentColor;
				CODE_SIGN_STYLE = Automatic;
				INFOPLIST_FILE = 0624_PagingKit_Titorial/Info.plist;
				LD_RUNPATH_SEARCH_PATHS = (
					"$(inherited)",
					"@executable_path/Frameworks",
				);
				PRODUCT_BUNDLE_IDENTIFIER = "son.-624-PagingKit-Titorial";
				PRODUCT_NAME = "$(TARGET_NAME)";
				SWIFT_VERSION = 5.0;
				TARGETED_DEVICE_FAMILY = "1,2";
			};
			name = Release;
		};
/* End XCBuildConfiguration section */

/* Begin XCConfigurationList section */
		1253C042268433B4003DC467 /* Build configuration list for PBXProject "0624_PagingKit_Titorial" */ = {
			isa = XCConfigurationList;
			buildConfigurations = (
				1253C059268433B5003DC467 /* Debug */,
				1253C05A268433B5003DC467 /* Release */,
			);
			defaultConfigurationIsVisible = 0;
			defaultConfigurationName = Release;
		};
		1253C05B268433B5003DC467 /* Build configuration list for PBXNativeTarget "0624_PagingKit_Titorial" */ = {
			isa = XCConfigurationList;
			buildConfigurations = (
				1253C05C268433B5003DC467 /* Debug */,
				1253C05D268433B5003DC467 /* Release */,
			);
			defaultConfigurationIsVisible = 0;
			defaultConfigurationName = Release;
		};
/* End XCConfigurationList section */
	};
	rootObject = 1253C03F268433B4003DC467 /* Project object */;
}
